// !$*UTF8*$!
{
	archiveVersion = 1;
	classes = {
	};
	objectVersion = 46;
	objects = {

/* Begin PBXBuildFile section */
		D085206F1EBC59150001E259 /* AppDelegate.swift in Sources */ = {isa = PBXBuildFile; fileRef = D085206E1EBC59150001E259 /* AppDelegate.swift */; };
		D08520711EBC59150001E259 /* ViewController.swift in Sources */ = {isa = PBXBuildFile; fileRef = D08520701EBC59150001E259 /* ViewController.swift */; };
		D08520741EBC59150001E259 /* Main.storyboard in Resources */ = {isa = PBXBuildFile; fileRef = D08520721EBC59150001E259 /* Main.storyboard */; };
		D08520761EBC59150001E259 /* Assets.xcassets in Resources */ = {isa = PBXBuildFile; fileRef = D08520751EBC59150001E259 /* Assets.xcassets */; };
		D08520791EBC59150001E259 /* LaunchScreen.storyboard in Resources */ = {isa = PBXBuildFile; fileRef = D08520771EBC59150001E259 /* LaunchScreen.storyboard */; };
		D08520841EBC59150001E259 /* Dismiss_KeyboardTests.swift in Sources */ = {isa = PBXBuildFile; fileRef = D08520831EBC59150001E259 /* Dismiss_KeyboardTests.swift */; };
		D085208F1EBC59150001E259 /* Dismiss_KeyboardUITests.swift in Sources */ = {isa = PBXBuildFile; fileRef = D085208E1EBC59150001E259 /* Dismiss_KeyboardUITests.swift */; };
/* End PBXBuildFile section */

/* Begin PBXContainerItemProxy section */
		D08520801EBC59150001E259 /* PBXContainerItemProxy */ = {
			isa = PBXContainerItemProxy;
			containerPortal = D08520631EBC59150001E259 /* Project object */;
			proxyType = 1;
			remoteGlobalIDString = D085206A1EBC59150001E259;
			remoteInfo = "Dismiss Keyboard";
		};
		D085208B1EBC59150001E259 /* PBXContainerItemProxy */ = {
			isa = PBXContainerItemProxy;
			containerPortal = D08520631EBC59150001E259 /* Project object */;
			proxyType = 1;
			remoteGlobalIDString = D085206A1EBC59150001E259;
			remoteInfo = "Dismiss Keyboard";
		};
/* End PBXContainerItemProxy section */

/* Begin PBXFileReference section */
		D085206B1EBC59150001E259 /* Dismiss Keyboard.app */ = {isa = PBXFileReference; explicitFileType = wrapper.application; includeInIndex = 0; path = "Dismiss Keyboard.app"; sourceTree = BUILT_PRODUCTS_DIR; };
		D085206E1EBC59150001E259 /* AppDelegate.swift */ = {isa = PBXFileReference; lastKnownFileType = sourcecode.swift; path = AppDelegate.swift; sourceTree = "<group>"; };
		D08520701EBC59150001E259 /* ViewController.swift */ = {isa = PBXFileReference; lastKnownFileType = sourcecode.swift; path = ViewController.swift; sourceTree = "<group>"; };
		D08520731EBC59150001E259 /* Base */ = {isa = PBXFileReference; lastKnownFileType = file.storyboard; name = Base; path = Base.lproj/Main.storyboard; sourceTree = "<group>"; };
		D08520751EBC59150001E259 /* Assets.xcassets */ = {isa = PBXFileReference; lastKnownFileType = folder.assetcatalog; path = Assets.xcassets; sourceTree = "<group>"; };
		D08520781EBC59150001E259 /* Base */ = {isa = PBXFileReference; lastKnownFileType = file.storyboard; name = Base; path = Base.lproj/LaunchScreen.storyboard; sourceTree = "<group>"; };
		D085207A1EBC59150001E259 /* Info.plist */ = {isa = PBXFileReference; lastKnownFileType = text.plist.xml; path = Info.plist; sourceTree = "<group>"; };
		D085207F1EBC59150001E259 /* Dismiss KeyboardTests.xctest */ = {isa = PBXFileReference; explicitFileType = wrapper.cfbundle; includeInIndex = 0; path = "Dismiss KeyboardTests.xctest"; sourceTree = BUILT_PRODUCTS_DIR; };
		D08520831EBC59150001E259 /* Dismiss_KeyboardTests.swift */ = {isa = PBXFileReference; lastKnownFileType = sourcecode.swift; path = Dismiss_KeyboardTests.swift; sourceTree = "<group>"; };
		D08520851EBC59150001E259 /* Info.plist */ = {isa = PBXFileReference; lastKnownFileType = text.plist.xml; path = Info.plist; sourceTree = "<group>"; };
		D085208A1EBC59150001E259 /* Dismiss KeyboardUITests.xctest */ = {isa = PBXFileReference; explicitFileType = wrapper.cfbundle; includeInIndex = 0; path = "Dismiss KeyboardUITests.xctest"; sourceTree = BUILT_PRODUCTS_DIR; };
		D085208E1EBC59150001E259 /* Dismiss_KeyboardUITests.swift */ = {isa = PBXFileReference; lastKnownFileType = sourcecode.swift; path = Dismiss_KeyboardUITests.swift; sourceTree = "<group>"; };
		D08520901EBC59150001E259 /* Info.plist */ = {isa = PBXFileReference; lastKnownFileType = text.plist.xml; path = Info.plist; sourceTree = "<group>"; };
/* End PBXFileReference section */

/* Begin PBXFrameworksBuildPhase section */
		D08520681EBC59150001E259 /* Frameworks */ = {
			isa = PBXFrameworksBuildPhase;
			buildActionMask = 2147483647;
			files = (
			);
			runOnlyForDeploymentPostprocessing = 0;
		};
		D085207C1EBC59150001E259 /* Frameworks */ = {
			isa = PBXFrameworksBuildPhase;
			buildActionMask = 2147483647;
			files = (
			);
			runOnlyForDeploymentPostprocessing = 0;
		};
		D08520871EBC59150001E259 /* Frameworks */ = {
			isa = PBXFrameworksBuildPhase;
			buildActionMask = 2147483647;
			files = (
			);
			runOnlyForDeploymentPostprocessing = 0;
		};
/* End PBXFrameworksBuildPhase section */

/* Begin PBXGroup section */
		D08520621EBC59150001E259 = {
			isa = PBXGroup;
			children = (
				D085206D1EBC59150001E259 /* Dismiss Keyboard */,
				D08520821EBC59150001E259 /* Dismiss KeyboardTests */,
				D085208D1EBC59150001E259 /* Dismiss KeyboardUITests */,
				D085206C1EBC59150001E259 /* Products */,
			);
			sourceTree = "<group>";
		};
		D085206C1EBC59150001E259 /* Products */ = {
			isa = PBXGroup;
			children = (
				D085206B1EBC59150001E259 /* Dismiss Keyboard.app */,
				D085207F1EBC59150001E259 /* Dismiss KeyboardTests.xctest */,
				D085208A1EBC59150001E259 /* Dismiss KeyboardUITests.xctest */,
			);
			name = Products;
			sourceTree = "<group>";
		};
		D085206D1EBC59150001E259 /* Dismiss Keyboard */ = {
			isa = PBXGroup;
			children = (
				D085206E1EBC59150001E259 /* AppDelegate.swift */,
				D08520701EBC59150001E259 /* ViewController.swift */,
				D08520721EBC59150001E259 /* Main.storyboard */,
				D08520751EBC59150001E259 /* Assets.xcassets */,
				D08520771EBC59150001E259 /* LaunchScreen.storyboard */,
				D085207A1EBC59150001E259 /* Info.plist */,
			);
			path = "Dismiss Keyboard";
			sourceTree = "<group>";
		};
		D08520821EBC59150001E259 /* Dismiss KeyboardTests */ = {
			isa = PBXGroup;
			children = (
				D08520831EBC59150001E259 /* Dismiss_KeyboardTests.swift */,
				D08520851EBC59150001E259 /* Info.plist */,
			);
			path = "Dismiss KeyboardTests";
			sourceTree = "<group>";
		};
		D085208D1EBC59150001E259 /* Dismiss KeyboardUITests */ = {
			isa = PBXGroup;
			children = (
				D085208E1EBC59150001E259 /* Dismiss_KeyboardUITests.swift */,
				D08520901EBC59150001E259 /* Info.plist */,
			);
			path = "Dismiss KeyboardUITests";
			sourceTree = "<group>";
		};
/* End PBXGroup section */

/* Begin PBXNativeTarget section */
		D085206A1EBC59150001E259 /* Dismiss Keyboard */ = {
			isa = PBXNativeTarget;
			buildConfigurationList = D08520931EBC59150001E259 /* Build configuration list for PBXNativeTarget "Dismiss Keyboard" */;
			buildPhases = (
				D08520671EBC59150001E259 /* Sources */,
				D08520681EBC59150001E259 /* Frameworks */,
				D08520691EBC59150001E259 /* Resources */,
			);
			buildRules = (
			);
			dependencies = (
			);
			name = "Dismiss Keyboard";
			productName = "Dismiss Keyboard";
			productReference = D085206B1EBC59150001E259 /* Dismiss Keyboard.app */;
			productType = "com.apple.product-type.application";
		};
		D085207E1EBC59150001E259 /* Dismiss KeyboardTests */ = {
			isa = PBXNativeTarget;
			buildConfigurationList = D08520961EBC59150001E259 /* Build configuration list for PBXNativeTarget "Dismiss KeyboardTests" */;
			buildPhases = (
				D085207B1EBC59150001E259 /* Sources */,
				D085207C1EBC59150001E259 /* Frameworks */,
				D085207D1EBC59150001E259 /* Resources */,
			);
			buildRules = (
			);
			dependencies = (
				D08520811EBC59150001E259 /* PBXTargetDependency */,
			);
			name = "Dismiss KeyboardTests";
			productName = "Dismiss KeyboardTests";
			productReference = D085207F1EBC59150001E259 /* Dismiss KeyboardTests.xctest */;
			productType = "com.apple.product-type.bundle.unit-test";
		};
		D08520891EBC59150001E259 /* Dismiss KeyboardUITests */ = {
			isa = PBXNativeTarget;
			buildConfigurationList = D08520991EBC59150001E259 /* Build configuration list for PBXNativeTarget "Dismiss KeyboardUITests" */;
			buildPhases = (
				D08520861EBC59150001E259 /* Sources */,
				D08520871EBC59150001E259 /* Frameworks */,
				D08520881EBC59150001E259 /* Resources */,
			);
			buildRules = (
			);
			dependencies = (
				D085208C1EBC59150001E259 /* PBXTargetDependency */,
			);
			name = "Dismiss KeyboardUITests";
			productName = "Dismiss KeyboardUITests";
			productReference = D085208A1EBC59150001E259 /* Dismiss KeyboardUITests.xctest */;
			productType = "com.apple.product-type.bundle.ui-testing";
		};
/* End PBXNativeTarget section */

/* Begin PBXProject section */
		D08520631EBC59150001E259 /* Project object */ = {
			isa = PBXProject;
			attributes = {
				LastSwiftUpdateCheck = 0830;
				LastUpgradeCheck = 0830;
				ORGANIZATIONNAME = "Dinh Duy Hiep";
				TargetAttributes = {
					D085206A1EBC59150001E259 = {
						CreatedOnToolsVersion = 8.3.1;
						ProvisioningStyle = Automatic;
					};
					D085207E1EBC59150001E259 = {
						CreatedOnToolsVersion = 8.3.1;
						ProvisioningStyle = Automatic;
						TestTargetID = D085206A1EBC59150001E259;
					};
					D08520891EBC59150001E259 = {
						CreatedOnToolsVersion = 8.3.1;
						ProvisioningStyle = Automatic;
						TestTargetID = D085206A1EBC59150001E259;
					};
				};
			};
			buildConfigurationList = D08520661EBC59150001E259 /* Build configuration list for PBXProject "Dismiss Keyboard" */;
			compatibilityVersion = "Xcode 3.2";
			developmentRegion = English;
			hasScannedForEncodings = 0;
			knownRegions = (
				en,
				Base,
			);
			mainGroup = D08520621EBC59150001E259;
			productRefGroup = D085206C1EBC59150001E259 /* Products */;
			projectDirPath = "";
			projectRoot = "";
			targets = (
				D085206A1EBC59150001E259 /* Dismiss Keyboard */,
				D085207E1EBC59150001E259 /* Dismiss KeyboardTests */,
				D08520891EBC59150001E259 /* Dismiss KeyboardUITests */,
			);
		};
/* End PBXProject section */

/* Begin PBXResourcesBuildPhase section */
		D08520691EBC59150001E259 /* Resources */ = {
			isa = PBXResourcesBuildPhase;
			buildActionMask = 2147483647;
			files = (
				D08520791EBC59150001E259 /* LaunchScreen.storyboard in Resources */,
				D08520761EBC59150001E259 /* Assets.xcassets in Resources */,
				D08520741EBC59150001E259 /* Main.storyboard in Resources */,
			);
			runOnlyForDeploymentPostprocessing = 0;
		};
		D085207D1EBC59150001E259 /* Resources */ = {
			isa = PBXResourcesBuildPhase;
			buildActionMask = 2147483647;
			files = (
			);
			runOnlyForDeploymentPostprocessing = 0;
		};
		D08520881EBC59150001E259 /* Resources */ = {
			isa = PBXResourcesBuildPhase;
			buildActionMask = 2147483647;
			files = (
			);
			runOnlyForDeploymentPostprocessing = 0;
		};
/* End PBXResourcesBuildPhase section */

/* Begin PBXSourcesBuildPhase section */
		D08520671EBC59150001E259 /* Sources */ = {
			isa = PBXSourcesBuildPhase;
			buildActionMask = 2147483647;
			files = (
				D08520711EBC59150001E259 /* ViewController.swift in Sources */,
				D085206F1EBC59150001E259 /* AppDelegate.swift in Sources */,
			);
			runOnlyForDeploymentPostprocessing = 0;
		};
		D085207B1EBC59150001E259 /* Sources */ = {
			isa = PBXSourcesBuildPhase;
			buildActionMask = 2147483647;
			files = (
				D08520841EBC59150001E259 /* Dismiss_KeyboardTests.swift in Sources */,
			);
			runOnlyForDeploymentPostprocessing = 0;
		};
		D08520861EBC59150001E259 /* Sources */ = {
			isa = PBXSourcesBuildPhase;
			buildActionMask = 2147483647;
			files = (
				D085208F1EBC59150001E259 /* Dismiss_KeyboardUITests.swift in Sources */,
			);
			runOnlyForDeploymentPostprocessing = 0;
		};
/* End PBXSourcesBuildPhase section */

/* Begin PBXTargetDependency section */
		D08520811EBC59150001E259 /* PBXTargetDependency */ = {
			isa = PBXTargetDependency;
			target = D085206A1EBC59150001E259 /* Dismiss Keyboard */;
			targetProxy = D08520801EBC59150001E259 /* PBXContainerItemProxy */;
		};
		D085208C1EBC59150001E259 /* PBXTargetDependency */ = {
			isa = PBXTargetDependency;
			target = D085206A1EBC59150001E259 /* Dismiss Keyboard */;
			targetProxy = D085208B1EBC59150001E259 /* PBXContainerItemProxy */;
		};
/* End PBXTargetDependency section */

/* Begin PBXVariantGroup section */
		D08520721EBC59150001E259 /* Main.storyboard */ = {
			isa = PBXVariantGroup;
			children = (
				D08520731EBC59150001E259 /* Base */,
			);
			name = Main.storyboard;
			sourceTree = "<group>";
		};
		D08520771EBC59150001E259 /* LaunchScreen.storyboard */ = {
			isa = PBXVariantGroup;
			children = (
				D08520781EBC59150001E259 /* Base */,
			);
			name = LaunchScreen.storyboard;
			sourceTree = "<group>";
		};
/* End PBXVariantGroup section */

/* Begin XCBuildConfiguration section */
		D08520911EBC59150001E259 /* Debug */ = {
			isa = XCBuildConfiguration;
			buildSettings = {
				ALWAYS_SEARCH_USER_PATHS = NO;
				CLANG_ANALYZER_NONNULL = YES;
				CLANG_ANALYZER_NUMBER_OBJECT_CONVERSION = YES_AGGRESSIVE;
				CLANG_CXX_LANGUAGE_STANDARD = "gnu++0x";
				CLANG_CXX_LIBRARY = "libc++";
				CLANG_ENABLE_MODULES = YES;
				CLANG_ENABLE_OBJC_ARC = YES;
				CLANG_WARN_BOOL_CONVERSION = YES;
				CLANG_WARN_CONSTANT_CONVERSION = YES;
				CLANG_WARN_DIRECT_OBJC_ISA_USAGE = YES_ERROR;
				CLANG_WARN_DOCUMENTATION_COMMENTS = YES;
				CLANG_WARN_EMPTY_BODY = YES;
				CLANG_WARN_ENUM_CONVERSION = YES;
				CLANG_WARN_INFINITE_RECURSION = YES;
				CLANG_WARN_INT_CONVERSION = YES;
				CLANG_WARN_OBJC_ROOT_CLASS = YES_ERROR;
				CLANG_WARN_SUSPICIOUS_MOVE = YES;
				CLANG_WARN_UNREACHABLE_CODE = YES;
				CLANG_WARN__DUPLICATE_METHOD_MATCH = YES;
				"CODE_SIGN_IDENTITY[sdk=iphoneos*]" = "iPhone Developer";
				COPY_PHASE_STRIP = NO;
				DEBUG_INFORMATION_FORMAT = dwarf;
				ENABLE_STRICT_OBJC_MSGSEND = YES;
				ENABLE_TESTABILITY = YES;
				GCC_C_LANGUAGE_STANDARD = gnu99;
				GCC_DYNAMIC_NO_PIC = NO;
				GCC_NO_COMMON_BLOCKS = YES;
				GCC_OPTIMIZATION_LEVEL = 0;
				GCC_PREPROCESSOR_DEFINITIONS = (
					"DEBUG=1",
					"$(inherited)",
				);
				GCC_WARN_64_TO_32_BIT_CONVERSION = YES;
				GCC_WARN_ABOUT_RETURN_TYPE = YES_ERROR;
				GCC_WARN_UNDECLARED_SELECTOR = YES;
				GCC_WARN_UNINITIALIZED_AUTOS = YES_AGGRESSIVE;
				GCC_WARN_UNUSED_FUNCTION = YES;
				GCC_WARN_UNUSED_VARIABLE = YES;
				IPHONEOS_DEPLOYMENT_TARGET = 10.3;
				MTL_ENABLE_DEBUG_INFO = YES;
				ONLY_ACTIVE_ARCH = YES;
				SDKROOT = iphoneos;
				SWIFT_ACTIVE_COMPILATION_CONDITIONS = DEBUG;
				SWIFT_OPTIMIZATION_LEVEL = "-Onone";
			};
			name = Debug;
		};
		D08520921EBC59150001E259 /* Release */ = {
			isa = XCBuildConfiguration;
			buildSettings = {
				ALWAYS_SEARCH_USER_PATHS = NO;
				CLANG_ANALYZER_NONNULL = YES;
				CLANG_ANALYZER_NUMBER_OBJECT_CONVERSION = YES_AGGRESSIVE;
				CLANG_CXX_LANGUAGE_STANDARD = "gnu++0x";
				CLANG_CXX_LIBRARY = "libc++";
				CLANG_ENABLE_MODULES = YES;
				CLANG_ENABLE_OBJC_ARC = YES;
				CLANG_WARN_BOOL_CONVERSION = YES;
				CLANG_WARN_CONSTANT_CONVERSION = YES;
				CLANG_WARN_DIRECT_OBJC_ISA_USAGE = YES_ERROR;
				CLANG_WARN_DOCUMENTATION_COMMENTS = YES;
				CLANG_WARN_EMPTY_BODY = YES;
				CLANG_WARN_ENUM_CONVERSION = YES;
				CLANG_WARN_INFINITE_RECURSION = YES;
				CLANG_WARN_INT_CONVERSION = YES;
				CLANG_WARN_OBJC_ROOT_CLASS = YES_ERROR;
				CLANG_WARN_SUSPICIOUS_MOVE = YES;
				CLANG_WARN_UNREACHABLE_CODE = YES;
				CLANG_WARN__DUPLICATE_METHOD_MATCH = YES;
				"CODE_SIGN_IDENTITY[sdk=iphoneos*]" = "iPhone Developer";
				COPY_PHASE_STRIP = NO;
				DEBUG_INFORMATION_FORMAT = "dwarf-with-dsym";
				ENABLE_NS_ASSERTIONS = NO;
				ENABLE_STRICT_OBJC_MSGSEND = YES;
				GCC_C_LANGUAGE_STANDARD = gnu99;
				GCC_NO_COMMON_BLOCKS = YES;
				GCC_WARN_64_TO_32_BIT_CONVERSION = YES;
				GCC_WARN_ABOUT_RETURN_TYPE = YES_ERROR;
				GCC_WARN_UNDECLARED_SELECTOR = YES;
				GCC_WARN_UNINITIALIZED_AUTOS = YES_AGGRESSIVE;
				GCC_WARN_UNUSED_FUNCTION = YES;
				GCC_WARN_UNUSED_VARIABLE = YES;
				IPHONEOS_DEPLOYMENT_TARGET = 10.3;
				MTL_ENABLE_DEBUG_INFO = NO;
				SDKROOT = iphoneos;
				SWIFT_OPTIMIZATION_LEVEL = "-Owholemodule";
				VALIDATE_PRODUCT = YES;
			};
			name = Release;
		};
		D08520941EBC59150001E259 /* Debug */ = {
			isa = XCBuildConfiguration;
			buildSettings = {
				ASSETCATALOG_COMPILER_APPICON_NAME = AppIcon;
				INFOPLIST_FILE = "Dismiss Keyboard/Info.plist";
				LD_RUNPATH_SEARCH_PATHS = "$(inherited) @executable_path/Frameworks";
				PRODUCT_BUNDLE_IDENTIFIER = "Dinh-Duy-Hiep.Dismiss-Keyboard";
				PRODUCT_NAME = "$(TARGET_NAME)";
				SWIFT_VERSION = 3.0;
			};
			name = Debug;
		};
		D08520951EBC59150001E259 /* Release */ = {
			isa = XCBuildConfiguration;
			buildSettings = {
				ASSETCATALOG_COMPILER_APPICON_NAME = AppIcon;
				INFOPLIST_FILE = "Dismiss Keyboard/Info.plist";
				LD_RUNPATH_SEARCH_PATHS = "$(inherited) @executable_path/Frameworks";
				PRODUCT_BUNDLE_IDENTIFIER = "Dinh-Duy-Hiep.Dismiss-Keyboard";
				PRODUCT_NAME = "$(TARGET_NAME)";
				SWIFT_VERSION = 3.0;
			};
			name = Release;
		};
		D08520971EBC59150001E259 /* Debug */ = {
			isa = XCBuildConfiguration;
			buildSettings = {
				ALWAYS_EMBED_SWIFT_STANDARD_LIBRARIES = YES;
				BUNDLE_LOADER = "$(TEST_HOST)";
				INFOPLIST_FILE = "Dismiss KeyboardTests/Info.plist";
				LD_RUNPATH_SEARCH_PATHS = "$(inherited) @executable_path/Frameworks @loader_path/Frameworks";
				PRODUCT_BUNDLE_IDENTIFIER = "Dinh-Duy-Hiep.Dismiss-KeyboardTests";
				PRODUCT_NAME = "$(TARGET_NAME)";
				SWIFT_VERSION = 3.0;
				TEST_HOST = "$(BUILT_PRODUCTS_DIR)/Dismiss Keyboard.app/Dismiss Keyboard";
			};
			name = Debug;
		};
		D08520981EBC59150001E259 /* Release */ = {
			isa = XCBuildConfiguration;
			buildSettings = {
				ALWAYS_EMBED_SWIFT_STANDARD_LIBRARIES = YES;
				BUNDLE_LOADER = "$(TEST_HOST)";
				INFOPLIST_FILE = "Dismiss KeyboardTests/Info.plist";
				LD_RUNPATH_SEARCH_PATHS = "$(inherited) @executable_path/Frameworks @loader_path/Frameworks";
				PRODUCT_BUNDLE_IDENTIFIER = "Dinh-Duy-Hiep.Dismiss-KeyboardTests";
				PRODUCT_NAME = "$(TARGET_NAME)";
				SWIFT_VERSION = 3.0;
				TEST_HOST = "$(BUILT_PRODUCTS_DIR)/Dismiss Keyboard.app/Dismiss Keyboard";
			};
			name = Release;
		};
		D085209A1EBC59150001E259 /* Debug */ = {
			isa = XCBuildConfiguration;
			buildSettings = {
				ALWAYS_EMBED_SWIFT_STANDARD_LIBRARIES = YES;
				INFOPLIST_FILE = "Dismiss KeyboardUITests/Info.plist";
				LD_RUNPATH_SEARCH_PATHS = "$(inherited) @executable_path/Frameworks @loader_path/Frameworks";
				PRODUCT_BUNDLE_IDENTIFIER = "Dinh-Duy-Hiep.Dismiss-KeyboardUITests";
				PRODUCT_NAME = "$(TARGET_NAME)";
				SWIFT_VERSION = 3.0;
				TEST_TARGET_NAME = "Dismiss Keyboard";
			};
			name = Debug;
		};
		D085209B1EBC59150001E259 /* Release */ = {
			isa = XCBuildConfiguration;
			buildSettings = {
				ALWAYS_EMBED_SWIFT_STANDARD_LIBRARIES = YES;
				INFOPLIST_FILE = "Dismiss KeyboardUITests/Info.plist";
				LD_RUNPATH_SEARCH_PATHS = "$(inherited) @executable_path/Frameworks @loader_path/Frameworks";
				PRODUCT_BUNDLE_IDENTIFIER = "Dinh-Duy-Hiep.Dismiss-KeyboardUITests";
				PRODUCT_NAME = "$(TARGET_NAME)";
				SWIFT_VERSION = 3.0;
				TEST_TARGET_NAME = "Dismiss Keyboard";
			};
			name = Release;
		};
/* End XCBuildConfiguration section */

/* Begin XCConfigurationList section */
		D08520661EBC59150001E259 /* Build configuration list for PBXProject "Dismiss Keyboard" */ = {
			isa = XCConfigurationList;
			buildConfigurations = (
				D08520911EBC59150001E259 /* Debug */,
				D08520921EBC59150001E259 /* Release */,
			);
			defaultConfigurationIsVisible = 0;
			defaultConfigurationName = Release;
		};
		D08520931EBC59150001E259 /* Build configuration list for PBXNativeTarget "Dismiss Keyboard" */ = {
			isa = XCConfigurationList;
			buildConfigurations = (
				D08520941EBC59150001E259 /* Debug */,
				D08520951EBC59150001E259 /* Release */,
			);
			defaultConfigurationIsVisible = 0;
		};
		D08520961EBC59150001E259 /* Build configuration list for PBXNativeTarget "Dismiss KeyboardTests" */ = {
			isa = XCConfigurationList;
			buildConfigurations = (
				D08520971EBC59150001E259 /* Debug */,
				D08520981EBC59150001E259 /* Release */,
			);
			defaultConfigurationIsVisible = 0;
		};
		D08520991EBC59150001E259 /* Build configuration list for PBXNativeTarget "Dismiss KeyboardUITests" */ = {
			isa = XCConfigurationList;
			buildConfigurations = (
				D085209A1EBC59150001E259 /* Debug */,
				D085209B1EBC59150001E259 /* Release */,
			);
			defaultConfigurationIsVisible = 0;
		};
/* End XCConfigurationList section */
	};
	rootObject = D08520631EBC59150001E259 /* Project object */;
}
